
Microsoft Visual Studio Solution File, Format Version 12.00
# Visual Studio Version 17
VisualStudioVersion = 17.6.33723.286
MinimumVisualStudioVersion = 10.0.40219.1
Project("{9A19103F-16F7-4668-BE54-9A1E7A4F7556}") = "HousePricePrediction", "HousePricePrediction\HousePricePrediction.csproj", "{5B6D7F72-42F5-41E9-A470-713F0C15D85A}"
EndProject
Project("{9A19103F-16F7-4668-BE54-9A1E7A4F7556}") = "HousePricePrediction_Manual", "HousePricePrediction_Manual\HousePricePrediction_Manual.csproj", "{EDA8D0C8-5C8C-463F-A2AD-E49A1E177402}"
EndProject
Project("{9A19103F-16F7-4668-BE54-9A1E7A4F7556}") = "HousePricePrediction_Auto", "HousePricePrediction_Auto\HousePricePrediction_Auto.csproj", "{409A6C6F-C4EA-4ADB-8CED-29C4CFFE729E}"
EndProject
Global
	GlobalSection(SolutionConfigurationPlatforms) = preSolution
		Debug|Any CPU = Debug|Any CPU
		Release|Any CPU = Release|Any CPU
	EndGlobalSection
	GlobalSection(ProjectConfigurationPlatforms) = postSolution
		{5B6D7F72-42F5-41E9-A470-713F0C15D85A}.Debug|Any CPU.ActiveCfg = Debug|Any CPU
		{5B6D7F72-42F5-41E9-A470-713F0C15D85A}.Debug|Any CPU.Build.0 = Debug|Any CPU
		{5B6D7F72-42F5-41E9-A470-713F0C15D85A}.Release|Any CPU.ActiveCfg = Release|Any CPU
		{5B6D7F72-42F5-41E9-A470-713F0C15D85A}.Release|Any CPU.Build.0 = Release|Any CPU
		{EDA8D0C8-5C8C-463F-A2AD-E49A1E177402}.Debug|Any CPU.ActiveCfg = Debug|Any CPU
		{EDA8D0C8-5C8C-463F-A2AD-E49A1E177402}.Debug|Any CPU.Build.0 = Debug|Any CPU
		{EDA8D0C8-5C8C-463F-A2AD-E49A1E177402}.Release|Any CPU.ActiveCfg = Release|Any CPU
		{EDA8D0C8-5C8C-463F-A2AD-E49A1E177402}.Release|Any CPU.Build.0 = Release|Any CPU
		{409A6C6F-C4EA-4ADB-8CED-29C4CFFE729E}.Debug|Any CPU.ActiveCfg = Debug|Any CPU
		{409A6C6F-C4EA-4ADB-8CED-29C4CFFE729E}.Debug|Any CPU.Build.0 = Debug|Any CPU
		{409A6C6F-C4EA-4ADB-8CED-29C4CFFE729E}.Release|Any CPU.ActiveCfg = Release|Any CPU
		{409A6C6F-C4EA-4ADB-8CED-29C4CFFE729E}.Release|Any CPU.Build.0 = Release|Any CPU
	EndGlobalSection
	GlobalSection(SolutionProperties) = preSolution
		HideSolutionNode = FALSE
	EndGlobalSection
	GlobalSection(ExtensibilityGlobals) = postSolution
		SolutionGuid = {4BF32E0A-37F9-4D00-99BD-91486A0378E3}
	EndGlobalSection
EndGlobal
